
Microsoft Visual Studio Solution File, Format Version 12.00
# Visual Studio Version 16
VisualStudioVersion = 16.0.29102.190
MinimumVisualStudioVersion = 10.0.40219.1
Project("{FAE04EC0-301F-11D3-BF4B-00C04F79EFBC}") = "Codecool.Quest", "Codecool.Quest\Codecool.Quest.csproj", "{E705A73B-D7C5-4F3C-AFB5-D7EA15A2ACC3}"
EndProject
Global
	GlobalSection(SolutionConfigurationPlatforms) = preSolution
		Debug|Any CPU = Debug|Any CPU
		Release|Any CPU = Release|Any CPU
	EndGlobalSection
	GlobalSection(ProjectConfigurationPlatforms) = postSolution
		{E705A73B-D7C5-4F3C-AFB5-D7EA15A2ACC3}.Debug|Any CPU.ActiveCfg = Debug|Any CPU
		{E705A73B-D7C5-4F3C-AFB5-D7EA15A2ACC3}.Debug|Any CPU.Build.0 = Debug|Any CPU
		{E705A73B-D7C5-4F3C-AFB5-D7EA15A2ACC3}.Release|Any CPU.ActiveCfg = Release|Any CPU
		{E705A73B-D7C5-4F3C-AFB5-D7EA15A2ACC3}.Release|Any CPU.Build.0 = Release|Any CPU
	EndGlobalSection
	GlobalSection(SolutionProperties) = preSolution
		HideSolutionNode = FALSE
	EndGlobalSection
	GlobalSection(ExtensibilityGlobals) = postSolution
		SolutionGuid = {A9B12D9A-2403-4225-AC5A-99CA145F1D90}
	EndGlobalSection
EndGlobal
